
Microsoft Visual Studio Solution File, Format Version 12.00
# Visual Studio Version 16
VisualStudioVersion = 16.0.29709.97
MinimumVisualStudioVersion = 10.0.40219.1
Project("{9A19103F-16F7-4668-BE54-9A1E7A4F7556}") = "MoviePlexProject", "MoviePlexProject\MoviePlexProject.csproj", "{591123FC-6EFF-4450-B1F5-0ED64DA8AB0A}"
EndProject
Project("{FAE04EC0-301F-11D3-BF4B-00C04F79EFBC}") = "MoviePlexProject.Tests", "MoviePlexProject.Tests\MoviePlexProject.Tests.csproj", "{0EFAFCD0-80F8-474A-A627-4618713311A7}"
EndProject
Global
	GlobalSection(SolutionConfigurationPlatforms) = preSolution
		Debug|Any CPU = Debug|Any CPU
		Release|Any CPU = Release|Any CPU
	EndGlobalSection
	GlobalSection(ProjectConfigurationPlatforms) = postSolution
		{591123FC-6EFF-4450-B1F5-0ED64DA8AB0A}.Debug|Any CPU.ActiveCfg = Debug|Any CPU
		{591123FC-6EFF-4450-B1F5-0ED64DA8AB0A}.Debug|Any CPU.Build.0 = Debug|Any CPU
		{591123FC-6EFF-4450-B1F5-0ED64DA8AB0A}.Release|Any CPU.ActiveCfg = Release|Any CPU
		{591123FC-6EFF-4450-B1F5-0ED64DA8AB0A}.Release|Any CPU.Build.0 = Release|Any CPU
		{0EFAFCD0-80F8-474A-A627-4618713311A7}.Debug|Any CPU.ActiveCfg = Debug|Any CPU
		{0EFAFCD0-80F8-474A-A627-4618713311A7}.Debug|Any CPU.Build.0 = Debug|Any CPU
		{0EFAFCD0-80F8-474A-A627-4618713311A7}.Release|Any CPU.ActiveCfg = Release|Any CPU
		{0EFAFCD0-80F8-474A-A627-4618713311A7}.Release|Any CPU.Build.0 = Release|Any CPU
	EndGlobalSection
	GlobalSection(SolutionProperties) = preSolution
		HideSolutionNode = FALSE
	EndGlobalSection
	GlobalSection(ExtensibilityGlobals) = postSolution
		SolutionGuid = {EB628695-BADC-4A62-898F-6FEDCEF46247}
	EndGlobalSection
EndGlobal
